
Microsoft Visual Studio Solution File, Format Version 11.00
# Visual Studio 2010
Project("{FAE04EC0-301F-11D3-BF4B-00C04F79EFBC}") = "MvcApplication5", "MvcApplication5\MvcApplication5.csproj", "{30DE909F-9208-4B04-A8E3-93565F2B4C12}"
EndProject
Project("{FAE04EC0-301F-11D3-BF4B-00C04F79EFBC}") = "MvcApplication5.Tests", "MvcApplication5.Tests\MvcApplication5.Tests.csproj", "{E0DD4BF8-F434-49FD-9023-4AC20F8B2B99}"
EndProject
Global
	GlobalSection(SolutionConfigurationPlatforms) = preSolution
		Debug|Any CPU = Debug|Any CPU
		Release|Any CPU = Release|Any CPU
	EndGlobalSection
	GlobalSection(ProjectConfigurationPlatforms) = postSolution
		{30DE909F-9208-4B04-A8E3-93565F2B4C12}.Debug|Any CPU.ActiveCfg = Debug|Any CPU
		{30DE909F-9208-4B04-A8E3-93565F2B4C12}.Debug|Any CPU.Build.0 = Debug|Any CPU
		{30DE909F-9208-4B04-A8E3-93565F2B4C12}.Release|Any CPU.ActiveCfg = Release|Any CPU
		{30DE909F-9208-4B04-A8E3-93565F2B4C12}.Release|Any CPU.Build.0 = Release|Any CPU
		{E0DD4BF8-F434-49FD-9023-4AC20F8B2B99}.Debug|Any CPU.ActiveCfg = Debug|Any CPU
		{E0DD4BF8-F434-49FD-9023-4AC20F8B2B99}.Debug|Any CPU.Build.0 = Debug|Any CPU
		{E0DD4BF8-F434-49FD-9023-4AC20F8B2B99}.Release|Any CPU.ActiveCfg = Release|Any CPU
		{E0DD4BF8-F434-49FD-9023-4AC20F8B2B99}.Release|Any CPU.Build.0 = Release|Any CPU
	EndGlobalSection
	GlobalSection(SolutionProperties) = preSolution
		HideSolutionNode = FALSE
	EndGlobalSection
EndGlobal
